
Microsoft Visual Studio Solution File, Format Version 12.00
# Visual Studio Version 17
VisualStudioVersion = 17.11.35222.181
MinimumVisualStudioVersion = 10.0.40219.1
Project("{9A19103F-16F7-4668-BE54-9A1E7A4F7556}") = "DataAccessLayer", "DataAccessLayer.csproj", "{B729DA9B-D23D-4E47-BFBA-033085537C20}"
EndProject
Project("{FAE04EC0-301F-11D3-BF4B-00C04F79EFBC}") = "OllamaServicesLayer", "OllamaServicesLayer\OllamaServicesLayer.csproj", "{2787494F-7835-43DA-93A0-EF50FDBBB1A3}"
EndProject
Project("{FAE04EC0-301F-11D3-BF4B-00C04F79EFBC}") = "Olama_MVC_Layer", "Olama_MVC_Layer\Olama_MVC_Layer.csproj", "{A50AF490-AB49-48EE-BF25-BBA219C03C22}"
EndProject
Global
	GlobalSection(SolutionConfigurationPlatforms) = preSolution
		Debug|Any CPU = Debug|Any CPU
		Release|Any CPU = Release|Any CPU
	EndGlobalSection
	GlobalSection(ProjectConfigurationPlatforms) = postSolution
		{B729DA9B-D23D-4E47-BFBA-033085537C20}.Debug|Any CPU.ActiveCfg = Debug|Any CPU
		{B729DA9B-D23D-4E47-BFBA-033085537C20}.Debug|Any CPU.Build.0 = Debug|Any CPU
		{B729DA9B-D23D-4E47-BFBA-033085537C20}.Release|Any CPU.ActiveCfg = Release|Any CPU
		{B729DA9B-D23D-4E47-BFBA-033085537C20}.Release|Any CPU.Build.0 = Release|Any CPU
		{2787494F-7835-43DA-93A0-EF50FDBBB1A3}.Debug|Any CPU.ActiveCfg = Debug|Any CPU
		{2787494F-7835-43DA-93A0-EF50FDBBB1A3}.Debug|Any CPU.Build.0 = Debug|Any CPU
		{2787494F-7835-43DA-93A0-EF50FDBBB1A3}.Release|Any CPU.ActiveCfg = Release|Any CPU
		{2787494F-7835-43DA-93A0-EF50FDBBB1A3}.Release|Any CPU.Build.0 = Release|Any CPU
		{A50AF490-AB49-48EE-BF25-BBA219C03C22}.Debug|Any CPU.ActiveCfg = Debug|Any CPU
		{A50AF490-AB49-48EE-BF25-BBA219C03C22}.Debug|Any CPU.Build.0 = Debug|Any CPU
		{A50AF490-AB49-48EE-BF25-BBA219C03C22}.Release|Any CPU.ActiveCfg = Release|Any CPU
		{A50AF490-AB49-48EE-BF25-BBA219C03C22}.Release|Any CPU.Build.0 = Release|Any CPU
	EndGlobalSection
	GlobalSection(SolutionProperties) = preSolution
		HideSolutionNode = FALSE
	EndGlobalSection
	GlobalSection(ExtensibilityGlobals) = postSolution
		SolutionGuid = {82B46681-9449-4F5D-8ECE-E1C25616F89B}
	EndGlobalSection
EndGlobal
