
Microsoft Visual Studio Solution File, Format Version 12.00
# Visual Studio Version 17
VisualStudioVersion = 17.11.35222.181
MinimumVisualStudioVersion = 10.0.40219.1
Project("{9A19103F-16F7-4668-BE54-9A1E7A4F7556}") = "DataAccessLayer", "DataAccessLayer.csproj", "{B729DA9B-D23D-4E47-BFBA-033085537C20}"
EndProject
Project("{9A19103F-16F7-4668-BE54-9A1E7A4F7556}") = "ServicesLayer", "..\ServicesLayer\ServicesLayer.csproj", "{06C34E8C-C203-4526-8CB8-AB5CE7166C89}"
EndProject
Project("{9A19103F-16F7-4668-BE54-9A1E7A4F7556}") = "PresentationLayer", "..\PresentationLayer\PresentationLayer.csproj", "{74E6CF70-895E-45E7-B60E-E90E7C65E383}"
EndProject
Project("{FAE04EC0-301F-11D3-BF4B-00C04F79EFBC}") = "ServicesLayerTests", "..\ServicesLayerTests\ServicesLayerTests.csproj", "{9670A390-EACF-48E3-B4CB-96AAB6C7E746}"
EndProject
Global
	GlobalSection(SolutionConfigurationPlatforms) = preSolution
		Debug|Any CPU = Debug|Any CPU
		Release|Any CPU = Release|Any CPU
	EndGlobalSection
	GlobalSection(ProjectConfigurationPlatforms) = postSolution
		{B729DA9B-D23D-4E47-BFBA-033085537C20}.Debug|Any CPU.ActiveCfg = Debug|Any CPU
		{B729DA9B-D23D-4E47-BFBA-033085537C20}.Debug|Any CPU.Build.0 = Debug|Any CPU
		{B729DA9B-D23D-4E47-BFBA-033085537C20}.Release|Any CPU.ActiveCfg = Release|Any CPU
		{B729DA9B-D23D-4E47-BFBA-033085537C20}.Release|Any CPU.Build.0 = Release|Any CPU
		{06C34E8C-C203-4526-8CB8-AB5CE7166C89}.Debug|Any CPU.ActiveCfg = Debug|Any CPU
		{06C34E8C-C203-4526-8CB8-AB5CE7166C89}.Debug|Any CPU.Build.0 = Debug|Any CPU
		{06C34E8C-C203-4526-8CB8-AB5CE7166C89}.Release|Any CPU.ActiveCfg = Release|Any CPU
		{06C34E8C-C203-4526-8CB8-AB5CE7166C89}.Release|Any CPU.Build.0 = Release|Any CPU
		{74E6CF70-895E-45E7-B60E-E90E7C65E383}.Debug|Any CPU.ActiveCfg = Debug|Any CPU
		{74E6CF70-895E-45E7-B60E-E90E7C65E383}.Debug|Any CPU.Build.0 = Debug|Any CPU
		{74E6CF70-895E-45E7-B60E-E90E7C65E383}.Release|Any CPU.ActiveCfg = Release|Any CPU
		{74E6CF70-895E-45E7-B60E-E90E7C65E383}.Release|Any CPU.Build.0 = Release|Any CPU
		{9670A390-EACF-48E3-B4CB-96AAB6C7E746}.Debug|Any CPU.ActiveCfg = Debug|Any CPU
		{9670A390-EACF-48E3-B4CB-96AAB6C7E746}.Debug|Any CPU.Build.0 = Debug|Any CPU
		{9670A390-EACF-48E3-B4CB-96AAB6C7E746}.Release|Any CPU.ActiveCfg = Release|Any CPU
		{9670A390-EACF-48E3-B4CB-96AAB6C7E746}.Release|Any CPU.Build.0 = Release|Any CPU
	EndGlobalSection
	GlobalSection(SolutionProperties) = preSolution
		HideSolutionNode = FALSE
	EndGlobalSection
	GlobalSection(ExtensibilityGlobals) = postSolution
		SolutionGuid = {82B46681-9449-4F5D-8ECE-E1C25616F89B}
	EndGlobalSection
EndGlobal
