
Microsoft Visual Studio Solution File, Format Version 12.00
# Visual Studio Version 17
VisualStudioVersion = 17.11.35222.181
MinimumVisualStudioVersion = 10.0.40219.1
Project("{FAE04EC0-301F-11D3-BF4B-00C04F79EFBC}") = "Ollama_API_Teting", "Ollama_API_Teting.csproj", "{B729DA9B-D23D-4E47-BFBA-033085537C20}"
EndProject
Global
	GlobalSection(SolutionConfigurationPlatforms) = preSolution
		Debug|Any CPU = Debug|Any CPU
		Release|Any CPU = Release|Any CPU
	EndGlobalSection
	GlobalSection(ProjectConfigurationPlatforms) = postSolution
		{B729DA9B-D23D-4E47-BFBA-033085537C20}.Debug|Any CPU.ActiveCfg = Debug|Any CPU
		{B729DA9B-D23D-4E47-BFBA-033085537C20}.Debug|Any CPU.Build.0 = Debug|Any CPU
		{B729DA9B-D23D-4E47-BFBA-033085537C20}.Release|Any CPU.ActiveCfg = Release|Any CPU
		{B729DA9B-D23D-4E47-BFBA-033085537C20}.Release|Any CPU.Build.0 = Release|Any CPU
	EndGlobalSection
	GlobalSection(SolutionProperties) = preSolution
		HideSolutionNode = FALSE
	EndGlobalSection
	GlobalSection(ExtensibilityGlobals) = postSolution
		SolutionGuid = {82B46681-9449-4F5D-8ECE-E1C25616F89B}
	EndGlobalSection
EndGlobal
